// !$*UTF8*$!
{
	archiveVersion = 1;
	classes = {
	};
	objectVersion = 46;
	objects = {

/* Begin PBXBuildFile section */
		83B466FE1D23B62C009009A1 /* AppDelegate.swift in Sources */ = {isa = PBXBuildFile; fileRef = 83B466FD1D23B62C009009A1 /* AppDelegate.swift */; };
		83B467001D23B62C009009A1 /* ViewController.swift in Sources */ = {isa = PBXBuildFile; fileRef = 83B466FF1D23B62C009009A1 /* ViewController.swift */; };
		83B467031D23B62C009009A1 /* Main.storyboard in Resources */ = {isa = PBXBuildFile; fileRef = 83B467011D23B62C009009A1 /* Main.storyboard */; };
		83B467051D23B62C009009A1 /* Assets.xcassets in Resources */ = {isa = PBXBuildFile; fileRef = 83B467041D23B62C009009A1 /* Assets.xcassets */; };
		83B467081D23B62C009009A1 /* LaunchScreen.storyboard in Resources */ = {isa = PBXBuildFile; fileRef = 83B467061D23B62C009009A1 /* LaunchScreen.storyboard */; };
		83B467131D23B62C009009A1 /* tipsTests.swift in Sources */ = {isa = PBXBuildFile; fileRef = 83B467121D23B62C009009A1 /* tipsTests.swift */; };
		83B4671E1D23B62C009009A1 /* tipsUITests.swift in Sources */ = {isa = PBXBuildFile; fileRef = 83B4671D1D23B62C009009A1 /* tipsUITests.swift */; };
		83B4672C1D23D2FC009009A1 /* SettingViewController.swift in Sources */ = {isa = PBXBuildFile; fileRef = 83B4672B1D23D2FC009009A1 /* SettingViewController.swift */; };
/* End PBXBuildFile section */

/* Begin PBXContainerItemProxy section */
		83B4670F1D23B62C009009A1 /* PBXContainerItemProxy */ = {
			isa = PBXContainerItemProxy;
			containerPortal = 83B466F21D23B62C009009A1 /* Project object */;
			proxyType = 1;
			remoteGlobalIDString = 83B466F91D23B62C009009A1;
			remoteInfo = tips;
		};
		83B4671A1D23B62C009009A1 /* PBXContainerItemProxy */ = {
			isa = PBXContainerItemProxy;
			containerPortal = 83B466F21D23B62C009009A1 /* Project object */;
			proxyType = 1;
			remoteGlobalIDString = 83B466F91D23B62C009009A1;
			remoteInfo = tips;
		};
/* End PBXContainerItemProxy section */

/* Begin PBXFileReference section */
		83B466FA1D23B62C009009A1 /* tips.app */ = {isa = PBXFileReference; explicitFileType = wrapper.application; includeInIndex = 0; path = tips.app; sourceTree = BUILT_PRODUCTS_DIR; };
		83B466FD1D23B62C009009A1 /* AppDelegate.swift */ = {isa = PBXFileReference; lastKnownFileType = sourcecode.swift; path = AppDelegate.swift; sourceTree = "<group>"; };
		83B466FF1D23B62C009009A1 /* ViewController.swift */ = {isa = PBXFileReference; lastKnownFileType = sourcecode.swift; path = ViewController.swift; sourceTree = "<group>"; };
		83B467021D23B62C009009A1 /* Base */ = {isa = PBXFileReference; lastKnownFileType = file.storyboard; name = Base; path = Base.lproj/Main.storyboard; sourceTree = "<group>"; };
		83B467041D23B62C009009A1 /* Assets.xcassets */ = {isa = PBXFileReference; lastKnownFileType = folder.assetcatalog; path = Assets.xcassets; sourceTree = "<group>"; };
		83B467071D23B62C009009A1 /* Base */ = {isa = PBXFileReference; lastKnownFileType = file.storyboard; name = Base; path = Base.lproj/LaunchScreen.storyboard; sourceTree = "<group>"; };
		83B467091D23B62C009009A1 /* Info.plist */ = {isa = PBXFileReference; lastKnownFileType = text.plist.xml; path = Info.plist; sourceTree = "<group>"; };
		83B4670E1D23B62C009009A1 /* tipsTests.xctest */ = {isa = PBXFileReference; explicitFileType = wrapper.cfbundle; includeInIndex = 0; path = tipsTests.xctest; sourceTree = BUILT_PRODUCTS_DIR; };
		83B467121D23B62C009009A1 /* tipsTests.swift */ = {isa = PBXFileReference; lastKnownFileType = sourcecode.swift; path = tipsTests.swift; sourceTree = "<group>"; };
		83B467141D23B62C009009A1 /* Info.plist */ = {isa = PBXFileReference; lastKnownFileType = text.plist.xml; path = Info.plist; sourceTree = "<group>"; };
		83B467191D23B62C009009A1 /* tipsUITests.xctest */ = {isa = PBXFileReference; explicitFileType = wrapper.cfbundle; includeInIndex = 0; path = tipsUITests.xctest; sourceTree = BUILT_PRODUCTS_DIR; };
		83B4671D1D23B62C009009A1 /* tipsUITests.swift */ = {isa = PBXFileReference; lastKnownFileType = sourcecode.swift; path = tipsUITests.swift; sourceTree = "<group>"; };
		83B4671F1D23B62C009009A1 /* Info.plist */ = {isa = PBXFileReference; lastKnownFileType = text.plist.xml; path = Info.plist; sourceTree = "<group>"; };
		83B4672B1D23D2FC009009A1 /* SettingViewController.swift */ = {isa = PBXFileReference; fileEncoding = 4; lastKnownFileType = sourcecode.swift; path = SettingViewController.swift; sourceTree = "<group>"; };
/* End PBXFileReference section */

/* Begin PBXFrameworksBuildPhase section */
		83B466F71D23B62C009009A1 /* Frameworks */ = {
			isa = PBXFrameworksBuildPhase;
			buildActionMask = 2147483647;
			files = (
			);
			runOnlyForDeploymentPostprocessing = 0;
		};
		83B4670B1D23B62C009009A1 /* Frameworks */ = {
			isa = PBXFrameworksBuildPhase;
			buildActionMask = 2147483647;
			files = (
			);
			runOnlyForDeploymentPostprocessing = 0;
		};
		83B467161D23B62C009009A1 /* Frameworks */ = {
			isa = PBXFrameworksBuildPhase;
			buildActionMask = 2147483647;
			files = (
			);
			runOnlyForDeploymentPostprocessing = 0;
		};
/* End PBXFrameworksBuildPhase section */

/* Begin PBXGroup section */
		83B466F11D23B62C009009A1 = {
			isa = PBXGroup;
			children = (
				83B466FC1D23B62C009009A1 /* tips */,
				83B467111D23B62C009009A1 /* tipsTests */,
				83B4671C1D23B62C009009A1 /* tipsUITests */,
				83B466FB1D23B62C009009A1 /* Products */,
			);
			sourceTree = "<group>";
		};
		83B466FB1D23B62C009009A1 /* Products */ = {
			isa = PBXGroup;
			children = (
				83B466FA1D23B62C009009A1 /* tips.app */,
				83B4670E1D23B62C009009A1 /* tipsTests.xctest */,
				83B467191D23B62C009009A1 /* tipsUITests.xctest */,
			);
			name = Products;
			sourceTree = "<group>";
		};
		83B466FC1D23B62C009009A1 /* tips */ = {
			isa = PBXGroup;
			children = (
				83B466FD1D23B62C009009A1 /* AppDelegate.swift */,
				83B466FF1D23B62C009009A1 /* ViewController.swift */,
				83B4672B1D23D2FC009009A1 /* SettingViewController.swift */,
				83B467011D23B62C009009A1 /* Main.storyboard */,
				83B467041D23B62C009009A1 /* Assets.xcassets */,
				83B467061D23B62C009009A1 /* LaunchScreen.storyboard */,
				83B467091D23B62C009009A1 /* Info.plist */,
			);
			path = tips;
			sourceTree = "<group>";
		};
		83B467111D23B62C009009A1 /* tipsTests */ = {
			isa = PBXGroup;
			children = (
				83B467121D23B62C009009A1 /* tipsTests.swift */,
				83B467141D23B62C009009A1 /* Info.plist */,
			);
			path = tipsTests;
			sourceTree = "<group>";
		};
		83B4671C1D23B62C009009A1 /* tipsUITests */ = {
			isa = PBXGroup;
			children = (
				83B4671D1D23B62C009009A1 /* tipsUITests.swift */,
				83B4671F1D23B62C009009A1 /* Info.plist */,
			);
			path = tipsUITests;
			sourceTree = "<group>";
		};
/* End PBXGroup section */

/* Begin PBXNativeTarget section */
		83B466F91D23B62C009009A1 /* tips */ = {
			isa = PBXNativeTarget;
			buildConfigurationList = 83B467221D23B62C009009A1 /* Build configuration list for PBXNativeTarget "tips" */;
			buildPhases = (
				83B466F61D23B62C009009A1 /* Sources */,
				83B466F71D23B62C009009A1 /* Frameworks */,
				83B466F81D23B62C009009A1 /* Resources */,
			);
			buildRules = (
			);
			dependencies = (
			);
			name = tips;
			productName = tips;
			productReference = 83B466FA1D23B62C009009A1 /* tips.app */;
			productType = "com.apple.product-type.application";
		};
		83B4670D1D23B62C009009A1 /* tipsTests */ = {
			isa = PBXNativeTarget;
			buildConfigurationList = 83B467251D23B62C009009A1 /* Build configuration list for PBXNativeTarget "tipsTests" */;
			buildPhases = (
				83B4670A1D23B62C009009A1 /* Sources */,
				83B4670B1D23B62C009009A1 /* Frameworks */,
				83B4670C1D23B62C009009A1 /* Resources */,
			);
			buildRules = (
			);
			dependencies = (
				83B467101D23B62C009009A1 /* PBXTargetDependency */,
			);
			name = tipsTests;
			productName = tipsTests;
			productReference = 83B4670E1D23B62C009009A1 /* tipsTests.xctest */;
			productType = "com.apple.product-type.bundle.unit-test";
		};
		83B467181D23B62C009009A1 /* tipsUITests */ = {
			isa = PBXNativeTarget;
			buildConfigurationList = 83B467281D23B62C009009A1 /* Build configuration list for PBXNativeTarget "tipsUITests" */;
			buildPhases = (
				83B467151D23B62C009009A1 /* Sources */,
				83B467161D23B62C009009A1 /* Frameworks */,
				83B467171D23B62C009009A1 /* Resources */,
			);
			buildRules = (
			);
			dependencies = (
				83B4671B1D23B62C009009A1 /* PBXTargetDependency */,
			);
			name = tipsUITests;
			productName = tipsUITests;
			productReference = 83B467191D23B62C009009A1 /* tipsUITests.xctest */;
			productType = "com.apple.product-type.bundle.ui-testing";
		};
/* End PBXNativeTarget section */

/* Begin PBXProject section */
		83B466F21D23B62C009009A1 /* Project object */ = {
			isa = PBXProject;
			attributes = {
				LastSwiftUpdateCheck = 0730;
				LastUpgradeCheck = 0730;
				ORGANIZATIONNAME = "Son, Tran Thai";
				TargetAttributes = {
					83B466F91D23B62C009009A1 = {
						CreatedOnToolsVersion = 7.3.1;
					};
					83B4670D1D23B62C009009A1 = {
						CreatedOnToolsVersion = 7.3.1;
						TestTargetID = 83B466F91D23B62C009009A1;
					};
					83B467181D23B62C009009A1 = {
						CreatedOnToolsVersion = 7.3.1;
						TestTargetID = 83B466F91D23B62C009009A1;
					};
				};
			};
			buildConfigurationList = 83B466F51D23B62C009009A1 /* Build configuration list for PBXProject "tips" */;
			compatibilityVersion = "Xcode 3.2";
			developmentRegion = English;
			hasScannedForEncodings = 0;
			knownRegions = (
				en,
				Base,
			);
			mainGroup = 83B466F11D23B62C009009A1;
			productRefGroup = 83B466FB1D23B62C009009A1 /* Products */;
			projectDirPath = "";
			projectRoot = "";
			targets = (
				83B466F91D23B62C009009A1 /* tips */,
				83B4670D1D23B62C009009A1 /* tipsTests */,
				83B467181D23B62C009009A1 /* tipsUITests */,
			);
		};
/* End PBXProject section */

/* Begin PBXResourcesBuildPhase section */
		83B466F81D23B62C009009A1 /* Resources */ = {
			isa = PBXResourcesBuildPhase;
			buildActionMask = 2147483647;
			files = (
				83B467081D23B62C009009A1 /* LaunchScreen.storyboard in Resources */,
				83B467051D23B62C009009A1 /* Assets.xcassets in Resources */,
				83B467031D23B62C009009A1 /* Main.storyboard in Resources */,
			);
			runOnlyForDeploymentPostprocessing = 0;
		};
		83B4670C1D23B62C009009A1 /* Resources */ = {
			isa = PBXResourcesBuildPhase;
			buildActionMask = 2147483647;
			files = (
			);
			runOnlyForDeploymentPostprocessing = 0;
		};
		83B467171D23B62C009009A1 /* Resources */ = {
			isa = PBXResourcesBuildPhase;
			buildActionMask = 2147483647;
			files = (
			);
			runOnlyForDeploymentPostprocessing = 0;
		};
/* End PBXResourcesBuildPhase section */

/* Begin PBXSourcesBuildPhase section */
		83B466F61D23B62C009009A1 /* Sources */ = {
			isa = PBXSourcesBuildPhase;
			buildActionMask = 2147483647;
			files = (
				83B467001D23B62C009009A1 /* ViewController.swift in Sources */,
				83B466FE1D23B62C009009A1 /* AppDelegate.swift in Sources */,
				83B4672C1D23D2FC009009A1 /* SettingViewController.swift in Sources */,
			);
			runOnlyForDeploymentPostprocessing = 0;
		};
		83B4670A1D23B62C009009A1 /* Sources */ = {
			isa = PBXSourcesBuildPhase;
			buildActionMask = 2147483647;
			files = (
				83B467131D23B62C009009A1 /* tipsTests.swift in Sources */,
			);
			runOnlyForDeploymentPostprocessing = 0;
		};
		83B467151D23B62C009009A1 /* Sources */ = {
			isa = PBXSourcesBuildPhase;
			buildActionMask = 2147483647;
			files = (
				83B4671E1D23B62C009009A1 /* tipsUITests.swift in Sources */,
			);
			runOnlyForDeploymentPostprocessing = 0;
		};
/* End PBXSourcesBuildPhase section */

/* Begin PBXTargetDependency section */
		83B467101D23B62C009009A1 /* PBXTargetDependency */ = {
			isa = PBXTargetDependency;
			target = 83B466F91D23B62C009009A1 /* tips */;
			targetProxy = 83B4670F1D23B62C009009A1 /* PBXContainerItemProxy */;
		};
		83B4671B1D23B62C009009A1 /* PBXTargetDependency */ = {
			isa = PBXTargetDependency;
			target = 83B466F91D23B62C009009A1 /* tips */;
			targetProxy = 83B4671A1D23B62C009009A1 /* PBXContainerItemProxy */;
		};
/* End PBXTargetDependency section */

/* Begin PBXVariantGroup section */
		83B467011D23B62C009009A1 /* Main.storyboard */ = {
			isa = PBXVariantGroup;
			children = (
				83B467021D23B62C009009A1 /* Base */,
			);
			name = Main.storyboard;
			sourceTree = "<group>";
		};
		83B467061D23B62C009009A1 /* LaunchScreen.storyboard */ = {
			isa = PBXVariantGroup;
			children = (
				83B467071D23B62C009009A1 /* Base */,
			);
			name = LaunchScreen.storyboard;
			sourceTree = "<group>";
		};
/* End PBXVariantGroup section */

/* Begin XCBuildConfiguration section */
		83B467201D23B62C009009A1 /* Debug */ = {
			isa = XCBuildConfiguration;
			buildSettings = {
				ALWAYS_SEARCH_USER_PATHS = NO;
				CLANG_ANALYZER_NONNULL = YES;
				CLANG_CXX_LANGUAGE_STANDARD = "gnu++0x";
				CLANG_CXX_LIBRARY = "libc++";
				CLANG_ENABLE_MODULES = YES;
				CLANG_ENABLE_OBJC_ARC = YES;
				CLANG_WARN_BOOL_CONVERSION = YES;
				CLANG_WARN_CONSTANT_CONVERSION = YES;
				CLANG_WARN_DIRECT_OBJC_ISA_USAGE = YES_ERROR;
				CLANG_WARN_EMPTY_BODY = YES;
				CLANG_WARN_ENUM_CONVERSION = YES;
				CLANG_WARN_INT_CONVERSION = YES;
				CLANG_WARN_OBJC_ROOT_CLASS = YES_ERROR;
				CLANG_WARN_UNREACHABLE_CODE = YES;
				CLANG_WARN__DUPLICATE_METHOD_MATCH = YES;
				"CODE_SIGN_IDENTITY[sdk=iphoneos*]" = "iPhone Developer";
				COPY_PHASE_STRIP = NO;
				DEBUG_INFORMATION_FORMAT = dwarf;
				ENABLE_STRICT_OBJC_MSGSEND = YES;
				ENABLE_TESTABILITY = YES;
				GCC_C_LANGUAGE_STANDARD = gnu99;
				GCC_DYNAMIC_NO_PIC = NO;
				GCC_NO_COMMON_BLOCKS = YES;
				GCC_OPTIMIZATION_LEVEL = 0;
				GCC_PREPROCESSOR_DEFINITIONS = (
					"DEBUG=1",
					"$(inherited)",
				);
				GCC_WARN_64_TO_32_BIT_CONVERSION = YES;
				GCC_WARN_ABOUT_RETURN_TYPE = YES_ERROR;
				GCC_WARN_UNDECLARED_SELECTOR = YES;
				GCC_WARN_UNINITIALIZED_AUTOS = YES_AGGRESSIVE;
				GCC_WARN_UNUSED_FUNCTION = YES;
				GCC_WARN_UNUSED_VARIABLE = YES;
				IPHONEOS_DEPLOYMENT_TARGET = 9.3;
				MTL_ENABLE_DEBUG_INFO = YES;
				ONLY_ACTIVE_ARCH = YES;
				SDKROOT = iphoneos;
				SWIFT_OPTIMIZATION_LEVEL = "-Onone";
			};
			name = Debug;
		};
		83B467211D23B62C009009A1 /* Release */ = {
			isa = XCBuildConfiguration;
			buildSettings = {
				ALWAYS_SEARCH_USER_PATHS = NO;
				CLANG_ANALYZER_NONNULL = YES;
				CLANG_CXX_LANGUAGE_STANDARD = "gnu++0x";
				CLANG_CXX_LIBRARY = "libc++";
				CLANG_ENABLE_MODULES = YES;
				CLANG_ENABLE_OBJC_ARC = YES;
				CLANG_WARN_BOOL_CONVERSION = YES;
				CLANG_WARN_CONSTANT_CONVERSION = YES;
				CLANG_WARN_DIRECT_OBJC_ISA_USAGE = YES_ERROR;
				CLANG_WARN_EMPTY_BODY = YES;
				CLANG_WARN_ENUM_CONVERSION = YES;
				CLANG_WARN_INT_CONVERSION = YES;
				CLANG_WARN_OBJC_ROOT_CLASS = YES_ERROR;
				CLANG_WARN_UNREACHABLE_CODE = YES;
				CLANG_WARN__DUPLICATE_METHOD_MATCH = YES;
				"CODE_SIGN_IDENTITY[sdk=iphoneos*]" = "iPhone Developer";
				COPY_PHASE_STRIP = NO;
				DEBUG_INFORMATION_FORMAT = "dwarf-with-dsym";
				ENABLE_NS_ASSERTIONS = NO;
				ENABLE_STRICT_OBJC_MSGSEND = YES;
				GCC_C_LANGUAGE_STANDARD = gnu99;
				GCC_NO_COMMON_BLOCKS = YES;
				GCC_WARN_64_TO_32_BIT_CONVERSION = YES;
				GCC_WARN_ABOUT_RETURN_TYPE = YES_ERROR;
				GCC_WARN_UNDECLARED_SELECTOR = YES;
				GCC_WARN_UNINITIALIZED_AUTOS = YES_AGGRESSIVE;
				GCC_WARN_UNUSED_FUNCTION = YES;
				GCC_WARN_UNUSED_VARIABLE = YES;
				IPHONEOS_DEPLOYMENT_TARGET = 9.3;
				MTL_ENABLE_DEBUG_INFO = NO;
				SDKROOT = iphoneos;
				VALIDATE_PRODUCT = YES;
			};
			name = Release;
		};
		83B467231D23B62C009009A1 /* Debug */ = {
			isa = XCBuildConfiguration;
			buildSettings = {
				ASSETCATALOG_COMPILER_APPICON_NAME = AppIcon;
				INFOPLIST_FILE = tips/Info.plist;
				IPHONEOS_DEPLOYMENT_TARGET = 7.0;
				LD_RUNPATH_SEARCH_PATHS = "$(inherited) @executable_path/Frameworks";
				PRODUCT_BUNDLE_IDENTIFIER = NavigosGroup.tips;
				PRODUCT_NAME = "$(TARGET_NAME)";
			};
			name = Debug;
		};
		83B467241D23B62C009009A1 /* Release */ = {
			isa = XCBuildConfiguration;
			buildSettings = {
				ASSETCATALOG_COMPILER_APPICON_NAME = AppIcon;
				INFOPLIST_FILE = tips/Info.plist;
				IPHONEOS_DEPLOYMENT_TARGET = 7.0;
				LD_RUNPATH_SEARCH_PATHS = "$(inherited) @executable_path/Frameworks";
				PRODUCT_BUNDLE_IDENTIFIER = NavigosGroup.tips;
				PRODUCT_NAME = "$(TARGET_NAME)";
			};
			name = Release;
		};
		83B467261D23B62C009009A1 /* Debug */ = {
			isa = XCBuildConfiguration;
			buildSettings = {
				BUNDLE_LOADER = "$(TEST_HOST)";
				INFOPLIST_FILE = tipsTests/Info.plist;
				LD_RUNPATH_SEARCH_PATHS = "$(inherited) @executable_path/Frameworks @loader_path/Frameworks";
				PRODUCT_BUNDLE_IDENTIFIER = NavigosGroup.tipsTests;
				PRODUCT_NAME = "$(TARGET_NAME)";
				TEST_HOST = "$(BUILT_PRODUCTS_DIR)/tips.app/tips";
			};
			name = Debug;
		};
		83B467271D23B62C009009A1 /* Release */ = {
			isa = XCBuildConfiguration;
			buildSettings = {
				BUNDLE_LOADER = "$(TEST_HOST)";
				INFOPLIST_FILE = tipsTests/Info.plist;
				LD_RUNPATH_SEARCH_PATHS = "$(inherited) @executable_path/Frameworks @loader_path/Frameworks";
				PRODUCT_BUNDLE_IDENTIFIER = NavigosGroup.tipsTests;
				PRODUCT_NAME = "$(TARGET_NAME)";
				TEST_HOST = "$(BUILT_PRODUCTS_DIR)/tips.app/tips";
			};
			name = Release;
		};
		83B467291D23B62C009009A1 /* Debug */ = {
			isa = XCBuildConfiguration;
			buildSettings = {
				INFOPLIST_FILE = tipsUITests/Info.plist;
				LD_RUNPATH_SEARCH_PATHS = "$(inherited) @executable_path/Frameworks @loader_path/Frameworks";
				PRODUCT_BUNDLE_IDENTIFIER = NavigosGroup.tipsUITests;
				PRODUCT_NAME = "$(TARGET_NAME)";
				TEST_TARGET_NAME = tips;
			};
			name = Debug;
		};
		83B4672A1D23B62C009009A1 /* Release */ = {
			isa = XCBuildConfiguration;
			buildSettings = {
				INFOPLIST_FILE = tipsUITests/Info.plist;
				LD_RUNPATH_SEARCH_PATHS = "$(inherited) @executable_path/Frameworks @loader_path/Frameworks";
				PRODUCT_BUNDLE_IDENTIFIER = NavigosGroup.tipsUITests;
				PRODUCT_NAME = "$(TARGET_NAME)";
				TEST_TARGET_NAME = tips;
			};
			name = Release;
		};
/* End XCBuildConfiguration section */

/* Begin XCConfigurationList section */
		83B466F51D23B62C009009A1 /* Build configuration list for PBXProject "tips" */ = {
			isa = XCConfigurationList;
			buildConfigurations = (
				83B467201D23B62C009009A1 /* Debug */,
				83B467211D23B62C009009A1 /* Release */,
			);
			defaultConfigurationIsVisible = 0;
			defaultConfigurationName = Release;
		};
		83B467221D23B62C009009A1 /* Build configuration list for PBXNativeTarget "tips" */ = {
			isa = XCConfigurationList;
			buildConfigurations = (
				83B467231D23B62C009009A1 /* Debug */,
				83B467241D23B62C009009A1 /* Release */,
			);
			defaultConfigurationIsVisible = 0;
		};
		83B467251D23B62C009009A1 /* Build configuration list for PBXNativeTarget "tipsTests" */ = {
			isa = XCConfigurationList;
			buildConfigurations = (
				83B467261D23B62C009009A1 /* Debug */,
				83B467271D23B62C009009A1 /* Release */,
			);
			defaultConfigurationIsVisible = 0;
		};
		83B467281D23B62C009009A1 /* Build configuration list for PBXNativeTarget "tipsUITests" */ = {
			isa = XCConfigurationList;
			buildConfigurations = (
				83B467291D23B62C009009A1 /* Debug */,
				83B4672A1D23B62C009009A1 /* Release */,
			);
			defaultConfigurationIsVisible = 0;
		};
/* End XCConfigurationList section */
	};
	rootObject = 83B466F21D23B62C009009A1 /* Project object */;
}
